// !$*UTF8*$!
{
	archiveVersion = 1;
	classes = {
	};
	objectVersion = 50;
	objects = {

/* Begin PBXBuildFile section */
		F71D95792238BBC70085DEC6 /* AppDelegate.swift in Sources */ = {isa = PBXBuildFile; fileRef = F71D95782238BBC70085DEC6 /* AppDelegate.swift */; };
		F71D95802238BBC80085DEC6 /* Assets.xcassets in Resources */ = {isa = PBXBuildFile; fileRef = F71D957F2238BBC80085DEC6 /* Assets.xcassets */; };
		F71D95832238BBC80085DEC6 /* LaunchScreen.storyboard in Resources */ = {isa = PBXBuildFile; fileRef = F71D95812238BBC80085DEC6 /* LaunchScreen.storyboard */; };
		F71D95942238BBD80085DEC6 /* CheckPoints.plist in Resources */ = {isa = PBXBuildFile; fileRef = F71D958C2238BBD80085DEC6 /* CheckPoints.plist */; };
		F71D95962238BBD80085DEC6 /* button_click.mp3 in Resources */ = {isa = PBXBuildFile; fileRef = F71D958E2238BBD80085DEC6 /* button_click.mp3 */; };
		F71D95972238BBD80085DEC6 /* Music.m in Sources */ = {isa = PBXBuildFile; fileRef = F71D95902238BBD80085DEC6 /* Music.m */; };
		F71D95992238BBD80085DEC6 /* Checkpoints.m in Sources */ = {isa = PBXBuildFile; fileRef = F71D95932238BBD80085DEC6 /* Checkpoints.m */; };
		F71D95A42238BE170085DEC6 /* ViewController.swift in Sources */ = {isa = PBXBuildFile; fileRef = F71D95A32238BE170085DEC6 /* ViewController.swift */; };
		F71D95A82238D7B50085DEC6 /* ModeSelectorViewController.swift in Sources */ = {isa = PBXBuildFile; fileRef = F71D95A62238D7B50085DEC6 /* ModeSelectorViewController.swift */; };
		F74FF54E223B3605004FDDCE /* ModeSelectorViewController.xib in Resources */ = {isa = PBXBuildFile; fileRef = F74FF550223B3605004FDDCE /* ModeSelectorViewController.xib */; };
		F74FF553223B362A004FDDCE /* LevelSelectorViewController.xib in Resources */ = {isa = PBXBuildFile; fileRef = F74FF555223B362A004FDDCE /* LevelSelectorViewController.xib */; };
		F74FF558223B3645004FDDCE /* GameViewController.xib in Resources */ = {isa = PBXBuildFile; fileRef = F74FF55A223B3645004FDDCE /* GameViewController.xib */; };
		F74FF55D223B3659004FDDCE /* Main.storyboard in Resources */ = {isa = PBXBuildFile; fileRef = F74FF55F223B3659004FDDCE /* Main.storyboard */; };
		F74FF563223B37A2004FDDCE /* SystemLanguageClass.swift in Sources */ = {isa = PBXBuildFile; fileRef = F74FF562223B37A2004FDDCE /* SystemLanguageClass.swift */; };
		F74FF566223B38E2004FDDCE /* InfoPlist.strings in Resources */ = {isa = PBXBuildFile; fileRef = F74FF568223B38E2004FDDCE /* InfoPlist.strings */; };
		F7707A972239F28E00792283 /* merge.wav in Resources */ = {isa = PBXBuildFile; fileRef = F7707A962239F28E00792283 /* merge.wav */; };
		F7707A992239F7ED00792283 /* GameOverView.swift in Sources */ = {isa = PBXBuildFile; fileRef = F7707A982239F7ED00792283 /* GameOverView.swift */; };
		F7B585032238E3660087D8E3 /* LevelSelectorViewController.swift in Sources */ = {isa = PBXBuildFile; fileRef = F7B585012238E3660087D8E3 /* LevelSelectorViewController.swift */; };
		F7B585062238EA7A0087D8E3 /* CheckPointButton.swift in Sources */ = {isa = PBXBuildFile; fileRef = F7B585052238EA7A0087D8E3 /* CheckPointButton.swift */; };
		F7B585082238F4FA0087D8E3 /* BGM.mp3 in Resources */ = {isa = PBXBuildFile; fileRef = F7B585072238F4FA0087D8E3 /* BGM.mp3 */; };
		F7B5850C2238F6960087D8E3 /* GameViewController.swift in Sources */ = {isa = PBXBuildFile; fileRef = F7B5850A2238F6960087D8E3 /* GameViewController.swift */; };
		F7B5850F2238FB7D0087D8E3 /* CharacterView.swift in Sources */ = {isa = PBXBuildFile; fileRef = F7B5850E2238FB7D0087D8E3 /* CharacterView.swift */; };
/* End PBXBuildFile section */

/* Begin PBXFileReference section */
		F71D95752238BBC70085DEC6 /* PurificationMonsters.app */ = {isa = PBXFileReference; explicitFileType = wrapper.application; includeInIndex = 0; path = PurificationMonsters.app; sourceTree = BUILT_PRODUCTS_DIR; };
		F71D95782238BBC70085DEC6 /* AppDelegate.swift */ = {isa = PBXFileReference; lastKnownFileType = sourcecode.swift; path = AppDelegate.swift; sourceTree = "<group>"; };
		F71D957F2238BBC80085DEC6 /* Assets.xcassets */ = {isa = PBXFileReference; lastKnownFileType = folder.assetcatalog; path = Assets.xcassets; sourceTree = "<group>"; };
		F71D95822238BBC80085DEC6 /* Base */ = {isa = PBXFileReference; lastKnownFileType = file.storyboard; name = Base; path = Base.lproj/LaunchScreen.storyboard; sourceTree = "<group>"; };
		F71D95842238BBC80085DEC6 /* Info.plist */ = {isa = PBXFileReference; lastKnownFileType = text.plist.xml; path = Info.plist; sourceTree = "<group>"; };
		F71D958B2238BBD80085DEC6 /* Music.h */ = {isa = PBXFileReference; fileEncoding = 4; lastKnownFileType = sourcecode.c.h; path = Music.h; sourceTree = "<group>"; };
		F71D958C2238BBD80085DEC6 /* CheckPoints.plist */ = {isa = PBXFileReference; fileEncoding = 4; lastKnownFileType = text.plist.xml; path = CheckPoints.plist; sourceTree = "<group>"; };
		F71D958E2238BBD80085DEC6 /* button_click.mp3 */ = {isa = PBXFileReference; lastKnownFileType = audio.mp3; path = button_click.mp3; sourceTree = "<group>"; };
		F71D958F2238BBD80085DEC6 /* Checkpoints.h */ = {isa = PBXFileReference; fileEncoding = 4; lastKnownFileType = sourcecode.c.h; path = Checkpoints.h; sourceTree = "<group>"; };
		F71D95902238BBD80085DEC6 /* Music.m */ = {isa = PBXFileReference; fileEncoding = 4; lastKnownFileType = sourcecode.c.objc; path = Music.m; sourceTree = "<group>"; };
		F71D95932238BBD80085DEC6 /* Checkpoints.m */ = {isa = PBXFileReference; fileEncoding = 4; lastKnownFileType = sourcecode.c.objc; path = Checkpoints.m; sourceTree = "<group>"; };
		F71D95A22238BC6B0085DEC6 /* PurificationMonsters-Bridge.h */ = {isa = PBXFileReference; lastKnownFileType = sourcecode.c.h; path = "PurificationMonsters-Bridge.h"; sourceTree = "<group>"; };
		F71D95A32238BE170085DEC6 /* ViewController.swift */ = {isa = PBXFileReference; fileEncoding = 4; lastKnownFileType = sourcecode.swift; path = ViewController.swift; sourceTree = "<group>"; };
		F71D95A62238D7B50085DEC6 /* ModeSelectorViewController.swift */ = {isa = PBXFileReference; lastKnownFileType = sourcecode.swift; path = ModeSelectorViewController.swift; sourceTree = "<group>"; };
		F74FF54D223B35F5004FDDCE /* zh-Hans */ = {isa = PBXFileReference; lastKnownFileType = text.plist.strings; name = "zh-Hans"; path = "zh-Hans.lproj/LaunchScreen.strings"; sourceTree = "<group>"; };
		F74FF54F223B3605004FDDCE /* Base */ = {isa = PBXFileReference; lastKnownFileType = file.xib; name = Base; path = Base.lproj/ModeSelectorViewController.xib; sourceTree = "<group>"; };
		F74FF552223B3607004FDDCE /* zh-Hans */ = {isa = PBXFileReference; lastKnownFileType = text.plist.strings; name = "zh-Hans"; path = "zh-Hans.lproj/ModeSelectorViewController.strings"; sourceTree = "<group>"; };
		F74FF554223B362A004FDDCE /* Base */ = {isa = PBXFileReference; lastKnownFileType = file.xib; name = Base; path = Base.lproj/LevelSelectorViewController.xib; sourceTree = "<group>"; };
		F74FF557223B362C004FDDCE /* zh-Hans */ = {isa = PBXFileReference; lastKnownFileType = text.plist.strings; name = "zh-Hans"; path = "zh-Hans.lproj/LevelSelectorViewController.strings"; sourceTree = "<group>"; };
		F74FF559223B3645004FDDCE /* Base */ = {isa = PBXFileReference; lastKnownFileType = file.xib; name = Base; path = Base.lproj/GameViewController.xib; sourceTree = "<group>"; };
		F74FF55C223B3648004FDDCE /* zh-Hans */ = {isa = PBXFileReference; lastKnownFileType = text.plist.strings; name = "zh-Hans"; path = "zh-Hans.lproj/GameViewController.strings"; sourceTree = "<group>"; };
		F74FF55E223B3659004FDDCE /* Base */ = {isa = PBXFileReference; lastKnownFileType = file.storyboard; name = Base; path = Base.lproj/Main.storyboard; sourceTree = "<group>"; };
		F74FF561223B365B004FDDCE /* zh-Hans */ = {isa = PBXFileReference; lastKnownFileType = text.plist.strings; name = "zh-Hans"; path = "zh-Hans.lproj/Main.strings"; sourceTree = "<group>"; };
		F74FF562223B37A2004FDDCE /* SystemLanguageClass.swift */ = {isa = PBXFileReference; lastKnownFileType = sourcecode.swift; path = SystemLanguageClass.swift; sourceTree = "<group>"; };
		F74FF567223B38E2004FDDCE /* en */ = {isa = PBXFileReference; lastKnownFileType = text.plist.strings; name = en; path = en.lproj/InfoPlist.strings; sourceTree = "<group>"; };
		F74FF569223B38E4004FDDCE /* zh-Hans */ = {isa = PBXFileReference; lastKnownFileType = text.plist.strings; name = "zh-Hans"; path = "zh-Hans.lproj/InfoPlist.strings"; sourceTree = "<group>"; };
		F7707A962239F28E00792283 /* merge.wav */ = {isa = PBXFileReference; lastKnownFileType = audio.wav; path = merge.wav; sourceTree = "<group>"; };
		F7707A982239F7ED00792283 /* GameOverView.swift */ = {isa = PBXFileReference; lastKnownFileType = sourcecode.swift; path = GameOverView.swift; sourceTree = "<group>"; };
		F7B585012238E3660087D8E3 /* LevelSelectorViewController.swift */ = {isa = PBXFileReference; lastKnownFileType = sourcecode.swift; path = LevelSelectorViewController.swift; sourceTree = "<group>"; };
		F7B585052238EA7A0087D8E3 /* CheckPointButton.swift */ = {isa = PBXFileReference; fileEncoding = 4; lastKnownFileType = sourcecode.swift; path = CheckPointButton.swift; sourceTree = "<group>"; };
		F7B585072238F4FA0087D8E3 /* BGM.mp3 */ = {isa = PBXFileReference; lastKnownFileType = audio.mp3; path = BGM.mp3; sourceTree = "<group>"; };
		F7B5850A2238F6960087D8E3 /* GameViewController.swift */ = {isa = PBXFileReference; lastKnownFileType = sourcecode.swift; path = GameViewController.swift; sourceTree = "<group>"; };
		F7B5850E2238FB7D0087D8E3 /* CharacterView.swift */ = {isa = PBXFileReference; lastKnownFileType = sourcecode.swift; path = CharacterView.swift; sourceTree = "<group>"; };
/* End PBXFileReference section */

/* Begin PBXFrameworksBuildPhase section */
		F71D95722238BBC70085DEC6 /* Frameworks */ = {
			isa = PBXFrameworksBuildPhase;
			buildActionMask = 2147483647;
			files = (
			);
			runOnlyForDeploymentPostprocessing = 0;
		};
/* End PBXFrameworksBuildPhase section */

/* Begin PBXGroup section */
		F71D956C2238BBC70085DEC6 = {
			isa = PBXGroup;
			children = (
				F71D95772238BBC70085DEC6 /* PurificationMonsters */,
				F71D95762238BBC70085DEC6 /* Products */,
			);
			sourceTree = "<group>";
		};
		F71D95762238BBC70085DEC6 /* Products */ = {
			isa = PBXGroup;
			children = (
				F71D95752238BBC70085DEC6 /* PurificationMonsters.app */,
			);
			name = Products;
			sourceTree = "<group>";
		};
		F71D95772238BBC70085DEC6 /* PurificationMonsters */ = {
			isa = PBXGroup;
			children = (
				F71D95A22238BC6B0085DEC6 /* PurificationMonsters-Bridge.h */,
				F71D958A2238BBD80085DEC6 /* resource */,
				F71D95A52238D7820085DEC6 /* gameSelector */,
				F7B585092238F6750087D8E3 /* game */,
				F71D95782238BBC70085DEC6 /* AppDelegate.swift */,
				F74FF55F223B3659004FDDCE /* Main.storyboard */,
				F71D95A32238BE170085DEC6 /* ViewController.swift */,
				F71D957F2238BBC80085DEC6 /* Assets.xcassets */,
				F71D95812238BBC80085DEC6 /* LaunchScreen.storyboard */,
				F71D95842238BBC80085DEC6 /* Info.plist */,
				F74FF568223B38E2004FDDCE /* InfoPlist.strings */,
			);
			path = PurificationMonsters;
			sourceTree = "<group>";
		};
		F71D958A2238BBD80085DEC6 /* resource */ = {
			isa = PBXGroup;
			children = (
				F71D958B2238BBD80085DEC6 /* Music.h */,
				F71D95902238BBD80085DEC6 /* Music.m */,
				F71D958F2238BBD80085DEC6 /* Checkpoints.h */,
				F71D95932238BBD80085DEC6 /* Checkpoints.m */,
				F71D958C2238BBD80085DEC6 /* CheckPoints.plist */,
				F7707A962239F28E00792283 /* merge.wav */,
				F7B585072238F4FA0087D8E3 /* BGM.mp3 */,
				F71D958E2238BBD80085DEC6 /* button_click.mp3 */,
				F74FF562223B37A2004FDDCE /* SystemLanguageClass.swift */,
			);
			path = resource;
			sourceTree = "<group>";
		};
		F71D95A52238D7820085DEC6 /* gameSelector */ = {
			isa = PBXGroup;
			children = (
				F7B585052238EA7A0087D8E3 /* CheckPointButton.swift */,
				F71D95A62238D7B50085DEC6 /* ModeSelectorViewController.swift */,
				F74FF550223B3605004FDDCE /* ModeSelectorViewController.xib */,
				F7B585012238E3660087D8E3 /* LevelSelectorViewController.swift */,
				F74FF555223B362A004FDDCE /* LevelSelectorViewController.xib */,
			);
			path = gameSelector;
			sourceTree = "<group>";
		};
		F7B585092238F6750087D8E3 /* game */ = {
			isa = PBXGroup;
			children = (
				F7B5850A2238F6960087D8E3 /* GameViewController.swift */,
				F74FF55A223B3645004FDDCE /* GameViewController.xib */,
				F7B5850E2238FB7D0087D8E3 /* CharacterView.swift */,
				F7707A982239F7ED00792283 /* GameOverView.swift */,
			);
			path = game;
			sourceTree = "<group>";
		};
/* End PBXGroup section */

/* Begin PBXNativeTarget section */
		F71D95742238BBC70085DEC6 /* PurificationMonsters */ = {
			isa = PBXNativeTarget;
			buildConfigurationList = F71D95872238BBC80085DEC6 /* Build configuration list for PBXNativeTarget "PurificationMonsters" */;
			buildPhases = (
				F71D95712238BBC70085DEC6 /* Sources */,
				F71D95722238BBC70085DEC6 /* Frameworks */,
				F71D95732238BBC70085DEC6 /* Resources */,
			);
			buildRules = (
			);
			dependencies = (
			);
			name = PurificationMonsters;
			productName = PurificationMonsters;
			productReference = F71D95752238BBC70085DEC6 /* PurificationMonsters.app */;
			productType = "com.apple.product-type.application";
		};
/* End PBXNativeTarget section */

/* Begin PBXProject section */
		F71D956D2238BBC70085DEC6 /* Project object */ = {
			isa = PBXProject;
			attributes = {
				LastSwiftUpdateCheck = 1010;
				LastUpgradeCheck = 1010;
				ORGANIZATIONNAME = iOS123;
				TargetAttributes = {
					F71D95742238BBC70085DEC6 = {
						CreatedOnToolsVersion = 10.1;
					};
				};
			};
			buildConfigurationList = F71D95702238BBC70085DEC6 /* Build configuration list for PBXProject "PurificationMonsters" */;
			compatibilityVersion = "Xcode 9.3";
			developmentRegion = en;
			hasScannedForEncodings = 0;
			knownRegions = (
				en,
				Base,
				"zh-Hans",
			);
			mainGroup = F71D956C2238BBC70085DEC6;
			productRefGroup = F71D95762238BBC70085DEC6 /* Products */;
			projectDirPath = "";
			projectRoot = "";
			targets = (
				F71D95742238BBC70085DEC6 /* PurificationMonsters */,
			);
		};
/* End PBXProject section */

/* Begin PBXResourcesBuildPhase section */
		F71D95732238BBC70085DEC6 /* Resources */ = {
			isa = PBXResourcesBuildPhase;
			buildActionMask = 2147483647;
			files = (
				F71D95832238BBC80085DEC6 /* LaunchScreen.storyboard in Resources */,
				F7B585082238F4FA0087D8E3 /* BGM.mp3 in Resources */,
				F71D95802238BBC80085DEC6 /* Assets.xcassets in Resources */,
				F74FF558223B3645004FDDCE /* GameViewController.xib in Resources */,
				F74FF55D223B3659004FDDCE /* Main.storyboard in Resources */,
				F74FF553223B362A004FDDCE /* LevelSelectorViewController.xib in Resources */,
				F7707A972239F28E00792283 /* merge.wav in Resources */,
				F74FF54E223B3605004FDDCE /* ModeSelectorViewController.xib in Resources */,
				F71D95962238BBD80085DEC6 /* button_click.mp3 in Resources */,
				F74FF566223B38E2004FDDCE /* InfoPlist.strings in Resources */,
				F71D95942238BBD80085DEC6 /* CheckPoints.plist in Resources */,
			);
			runOnlyForDeploymentPostprocessing = 0;
		};
/* End PBXResourcesBuildPhase section */

/* Begin PBXSourcesBuildPhase section */
		F71D95712238BBC70085DEC6 /* Sources */ = {
			isa = PBXSourcesBuildPhase;
			buildActionMask = 2147483647;
			files = (
				F7707A992239F7ED00792283 /* GameOverView.swift in Sources */,
				F71D95A82238D7B50085DEC6 /* ModeSelectorViewController.swift in Sources */,
				F71D95972238BBD80085DEC6 /* Music.m in Sources */,
				F7B585032238E3660087D8E3 /* LevelSelectorViewController.swift in Sources */,
				F71D95792238BBC70085DEC6 /* AppDelegate.swift in Sources */,
				F7B5850C2238F6960087D8E3 /* GameViewController.swift in Sources */,
				F74FF563223B37A2004FDDCE /* SystemLanguageClass.swift in Sources */,
				F7B585062238EA7A0087D8E3 /* CheckPointButton.swift in Sources */,
				F7B5850F2238FB7D0087D8E3 /* CharacterView.swift in Sources */,
				F71D95A42238BE170085DEC6 /* ViewController.swift in Sources */,
				F71D95992238BBD80085DEC6 /* Checkpoints.m in Sources */,
			);
			runOnlyForDeploymentPostprocessing = 0;
		};
/* End PBXSourcesBuildPhase section */

/* Begin PBXVariantGroup section */
		F71D95812238BBC80085DEC6 /* LaunchScreen.storyboard */ = {
			isa = PBXVariantGroup;
			children = (
				F71D95822238BBC80085DEC6 /* Base */,
				F74FF54D223B35F5004FDDCE /* zh-Hans */,
			);
			name = LaunchScreen.storyboard;
			sourceTree = "<group>";
		};
		F74FF550223B3605004FDDCE /* ModeSelectorViewController.xib */ = {
			isa = PBXVariantGroup;
			children = (
				F74FF54F223B3605004FDDCE /* Base */,
				F74FF552223B3607004FDDCE /* zh-Hans */,
			);
			name = ModeSelectorViewController.xib;
			sourceTree = "<group>";
		};
		F74FF555223B362A004FDDCE /* LevelSelectorViewController.xib */ = {
			isa = PBXVariantGroup;
			children = (
				F74FF554223B362A004FDDCE /* Base */,
				F74FF557223B362C004FDDCE /* zh-Hans */,
			);
			name = LevelSelectorViewController.xib;
			sourceTree = "<group>";
		};
		F74FF55A223B3645004FDDCE /* GameViewController.xib */ = {
			isa = PBXVariantGroup;
			children = (
				F74FF559223B3645004FDDCE /* Base */,
				F74FF55C223B3648004FDDCE /* zh-Hans */,
			);
			name = GameViewController.xib;
			sourceTree = "<group>";
		};
		F74FF55F223B3659004FDDCE /* Main.storyboard */ = {
			isa = PBXVariantGroup;
			children = (
				F74FF55E223B3659004FDDCE /* Base */,
				F74FF561223B365B004FDDCE /* zh-Hans */,
			);
			name = Main.storyboard;
			sourceTree = "<group>";
		};
		F74FF568223B38E2004FDDCE /* InfoPlist.strings */ = {
			isa = PBXVariantGroup;
			children = (
				F74FF567223B38E2004FDDCE /* en */,
				F74FF569223B38E4004FDDCE /* zh-Hans */,
			);
			name = InfoPlist.strings;
			sourceTree = "<group>";
		};
/* End PBXVariantGroup section */

/* Begin XCBuildConfiguration section */
		F71D95852238BBC80085DEC6 /* Debug */ = {
			isa = XCBuildConfiguration;
			buildSettings = {
				ALWAYS_SEARCH_USER_PATHS = NO;
				CLANG_ANALYZER_LOCALIZABILITY_NONLOCALIZED = YES;
				CLANG_ANALYZER_NONNULL = YES;
				CLANG_ANALYZER_NUMBER_OBJECT_CONVERSION = YES_AGGRESSIVE;
				CLANG_CXX_LANGUAGE_STANDARD = "gnu++14";
				CLANG_CXX_LIBRARY = "libc++";
				CLANG_ENABLE_MODULES = YES;
				CLANG_ENABLE_OBJC_ARC = YES;
				CLANG_ENABLE_OBJC_WEAK = YES;
				CLANG_WARN_BLOCK_CAPTURE_AUTORELEASING = YES;
				CLANG_WARN_BOOL_CONVERSION = YES;
				CLANG_WARN_COMMA = YES;
				CLANG_WARN_CONSTANT_CONVERSION = YES;
				CLANG_WARN_DEPRECATED_OBJC_IMPLEMENTATIONS = YES;
				CLANG_WARN_DIRECT_OBJC_ISA_USAGE = YES_ERROR;
				CLANG_WARN_DOCUMENTATION_COMMENTS = YES;
				CLANG_WARN_EMPTY_BODY = YES;
				CLANG_WARN_ENUM_CONVERSION = YES;
				CLANG_WARN_INFINITE_RECURSION = YES;
				CLANG_WARN_INT_CONVERSION = YES;
				CLANG_WARN_NON_LITERAL_NULL_CONVERSION = YES;
				CLANG_WARN_OBJC_IMPLICIT_RETAIN_SELF = YES;
				CLANG_WARN_OBJC_LITERAL_CONVERSION = YES;
				CLANG_WARN_OBJC_ROOT_CLASS = YES_ERROR;
				CLANG_WARN_RANGE_LOOP_ANALYSIS = YES;
				CLANG_WARN_STRICT_PROTOTYPES = YES;
				CLANG_WARN_SUSPICIOUS_MOVE = YES;
				CLANG_WARN_UNGUARDED_AVAILABILITY = YES_AGGRESSIVE;
				CLANG_WARN_UNREACHABLE_CODE = YES;
				CLANG_WARN__DUPLICATE_METHOD_MATCH = YES;
				CODE_SIGN_IDENTITY = "iPhone Developer";
				COPY_PHASE_STRIP = NO;
				DEBUG_INFORMATION_FORMAT = dwarf;
				ENABLE_STRICT_OBJC_MSGSEND = YES;
				ENABLE_TESTABILITY = YES;
				GCC_C_LANGUAGE_STANDARD = gnu11;
				GCC_DYNAMIC_NO_PIC = NO;
				GCC_NO_COMMON_BLOCKS = YES;
				GCC_OPTIMIZATION_LEVEL = 0;
				GCC_PREPROCESSOR_DEFINITIONS = (
					"DEBUG=1",
					"$(inherited)",
				);
				GCC_WARN_64_TO_32_BIT_CONVERSION = YES;
				GCC_WARN_ABOUT_RETURN_TYPE = YES_ERROR;
				GCC_WARN_UNDECLARED_SELECTOR = YES;
				GCC_WARN_UNINITIALIZED_AUTOS = YES_AGGRESSIVE;
				GCC_WARN_UNUSED_FUNCTION = YES;
				GCC_WARN_UNUSED_VARIABLE = YES;
				IPHONEOS_DEPLOYMENT_TARGET = 12.1;
				MTL_ENABLE_DEBUG_INFO = INCLUDE_SOURCE;
				MTL_FAST_MATH = YES;
				ONLY_ACTIVE_ARCH = YES;
				SDKROOT = iphoneos;
				SWIFT_ACTIVE_COMPILATION_CONDITIONS = DEBUG;
				SWIFT_OPTIMIZATION_LEVEL = "-Onone";
			};
			name = Debug;
		};
		F71D95862238BBC80085DEC6 /* Release */ = {
			isa = XCBuildConfiguration;
			buildSettings = {
				ALWAYS_SEARCH_USER_PATHS = NO;
				CLANG_ANALYZER_LOCALIZABILITY_NONLOCALIZED = YES;
				CLANG_ANALYZER_NONNULL = YES;
				CLANG_ANALYZER_NUMBER_OBJECT_CONVERSION = YES_AGGRESSIVE;
				CLANG_CXX_LANGUAGE_STANDARD = "gnu++14";
				CLANG_CXX_LIBRARY = "libc++";
				CLANG_ENABLE_MODULES = YES;
				CLANG_ENABLE_OBJC_ARC = YES;
				CLANG_ENABLE_OBJC_WEAK = YES;
				CLANG_WARN_BLOCK_CAPTURE_AUTORELEASING = YES;
				CLANG_WARN_BOOL_CONVERSION = YES;
				CLANG_WARN_COMMA = YES;
				CLANG_WARN_CONSTANT_CONVERSION = YES;
				CLANG_WARN_DEPRECATED_OBJC_IMPLEMENTATIONS = YES;
				CLANG_WARN_DIRECT_OBJC_ISA_USAGE = YES_ERROR;
				CLANG_WARN_DOCUMENTATION_COMMENTS = YES;
				CLANG_WARN_EMPTY_BODY = YES;
				CLANG_WARN_ENUM_CONVERSION = YES;
				CLANG_WARN_INFINITE_RECURSION = YES;
				CLANG_WARN_INT_CONVERSION = YES;
				CLANG_WARN_NON_LITERAL_NULL_CONVERSION = YES;
				CLANG_WARN_OBJC_IMPLICIT_RETAIN_SELF = YES;
				CLANG_WARN_OBJC_LITERAL_CONVERSION = YES;
				CLANG_WARN_OBJC_ROOT_CLASS = YES_ERROR;
				CLANG_WARN_RANGE_LOOP_ANALYSIS = YES;
				CLANG_WARN_STRICT_PROTOTYPES = YES;
				CLANG_WARN_SUSPICIOUS_MOVE = YES;
				CLANG_WARN_UNGUARDED_AVAILABILITY = YES_AGGRESSIVE;
				CLANG_WARN_UNREACHABLE_CODE = YES;
				CLANG_WARN__DUPLICATE_METHOD_MATCH = YES;
				CODE_SIGN_IDENTITY = "iPhone Developer";
				COPY_PHASE_STRIP = NO;
				DEBUG_INFORMATION_FORMAT = "dwarf-with-dsym";
				ENABLE_NS_ASSERTIONS = NO;
				ENABLE_STRICT_OBJC_MSGSEND = YES;
				GCC_C_LANGUAGE_STANDARD = gnu11;
				GCC_NO_COMMON_BLOCKS = YES;
				GCC_WARN_64_TO_32_BIT_CONVERSION = YES;
				GCC_WARN_ABOUT_RETURN_TYPE = YES_ERROR;
				GCC_WARN_UNDECLARED_SELECTOR = YES;
				GCC_WARN_UNINITIALIZED_AUTOS = YES_AGGRESSIVE;
				GCC_WARN_UNUSED_FUNCTION = YES;
				GCC_WARN_UNUSED_VARIABLE = YES;
				IPHONEOS_DEPLOYMENT_TARGET = 12.1;
				MTL_ENABLE_DEBUG_INFO = NO;
				MTL_FAST_MATH = YES;
				SDKROOT = iphoneos;
				SWIFT_COMPILATION_MODE = wholemodule;
				SWIFT_OPTIMIZATION_LEVEL = "-O";
				VALIDATE_PRODUCT = YES;
			};
			name = Release;
		};
		F71D95882238BBC80085DEC6 /* Debug */ = {
			isa = XCBuildConfiguration;
			buildSettings = {
				ASSETCATALOG_COMPILER_APPICON_NAME = AppIcon;
				CODE_SIGN_STYLE = Automatic;
				DEVELOPMENT_TEAM = BW52A9RCNH;
				INFOPLIST_FILE = PurificationMonsters/Info.plist;
				IPHONEOS_DEPLOYMENT_TARGET = 11.0;
				LD_RUNPATH_SEARCH_PATHS = (
					"$(inherited)",
					"@executable_path/Frameworks",
				);
				PRODUCT_BUNDLE_IDENTIFIER = com.zmh.PurificationMonsters;
				PRODUCT_NAME = "$(TARGET_NAME)";
				SWIFT_OBJC_BRIDGING_HEADER = "PurificationMonsters/PurificationMonsters-Bridge.h";
				SWIFT_VERSION = 4.2;
				TARGETED_DEVICE_FAMILY = 1;
			};
			name = Debug;
		};
		F71D95892238BBC80085DEC6 /* Release */ = {
			isa = XCBuildConfiguration;
			buildSettings = {
				ASSETCATALOG_COMPILER_APPICON_NAME = AppIcon;
				CODE_SIGN_STYLE = Automatic;
				DEVELOPMENT_TEAM = BW52A9RCNH;
				INFOPLIST_FILE = PurificationMonsters/Info.plist;
				IPHONEOS_DEPLOYMENT_TARGET = 11.0;
				LD_RUNPATH_SEARCH_PATHS = (
					"$(inherited)",
					"@executable_path/Frameworks",
				);
				PRODUCT_BUNDLE_IDENTIFIER = com.zmh.PurificationMonsters;
				PRODUCT_NAME = "$(TARGET_NAME)";
				SWIFT_OBJC_BRIDGING_HEADER = "PurificationMonsters/PurificationMonsters-Bridge.h";
				SWIFT_VERSION = 4.2;
				TARGETED_DEVICE_FAMILY = 1;
			};
			name = Release;
		};
/* End XCBuildConfiguration section */

/* Begin XCConfigurationList section */
		F71D95702238BBC70085DEC6 /* Build configuration list for PBXProject "PurificationMonsters" */ = {
			isa = XCConfigurationList;
			buildConfigurations = (
				F71D95852238BBC80085DEC6 /* Debug */,
				F71D95862238BBC80085DEC6 /* Release */,
			);
			defaultConfigurationIsVisible = 0;
			defaultConfigurationName = Release;
		};
		F71D95872238BBC80085DEC6 /* Build configuration list for PBXNativeTarget "PurificationMonsters" */ = {
			isa = XCConfigurationList;
			buildConfigurations = (
				F71D95882238BBC80085DEC6 /* Debug */,
				F71D95892238BBC80085DEC6 /* Release */,
			);
			defaultConfigurationIsVisible = 0;
			defaultConfigurationName = Release;
		};
/* End XCConfigurationList section */
	};
	rootObject = F71D956D2238BBC70085DEC6 /* Project object */;
}
